// !$*UTF8*$!
{
	archiveVersion = 1;
	classes = {
	};
	objectVersion = 50;
	objects = {

/* Begin PBXBuildFile section */
		0A28F4902084268A006C3BD9 /* AppDelegate.swift in Sources */ = {isa = PBXBuildFile; fileRef = 0A28F48F2084268A006C3BD9 /* AppDelegate.swift */; };
		0A28F4922084268A006C3BD9 /* LadderController.swift in Sources */ = {isa = PBXBuildFile; fileRef = 0A28F4912084268A006C3BD9 /* LadderController.swift */; };
		0A28F4952084268A006C3BD9 /* Main.storyboard in Resources */ = {isa = PBXBuildFile; fileRef = 0A28F4932084268A006C3BD9 /* Main.storyboard */; };
		0A28F49A2084268C006C3BD9 /* LaunchScreen.storyboard in Resources */ = {isa = PBXBuildFile; fileRef = 0A28F4982084268C006C3BD9 /* LaunchScreen.storyboard */; };
		0A2D6574208EC1AF00F2511A /* GoogleService-Info.plist in Resources */ = {isa = PBXBuildFile; fileRef = 0A2D6573208EC1AF00F2511A /* GoogleService-Info.plist */; };
		0A62CCA2208529DD0007B22C /* Song.swift in Sources */ = {isa = PBXBuildFile; fileRef = 0A62CCA1208529DD0007B22C /* Song.swift */; };
		0A71209C2087DBAE00FB09EC /* VoteController+CountingLabel.swift in Sources */ = {isa = PBXBuildFile; fileRef = 0A71209B2087DBAE00FB09EC /* VoteController+CountingLabel.swift */; };
		0A71209E2089A48D00FB09EC /* Assets.xcassets in Resources */ = {isa = PBXBuildFile; fileRef = 0A71209D2089A48D00FB09EC /* Assets.xcassets */; };
		0ADE4E392085712D00576775 /* VoteController.swift in Sources */ = {isa = PBXBuildFile; fileRef = 0ADE4E382085712D00576775 /* VoteController.swift */; };
		0ADE4E3B20867E1E00576775 /* VoteController+EloManager.swift in Sources */ = {isa = PBXBuildFile; fileRef = 0ADE4E3A20867E1E00576775 /* VoteController+EloManager.swift */; };
		DD73A90EF91F807AEFB49549 /* Pods_XO_Ladder.framework in Frameworks */ = {isa = PBXBuildFile; fileRef = 75E110C9DE914F125243FDE6 /* Pods_XO_Ladder.framework */; };
/* End PBXBuildFile section */

/* Begin PBXFileReference section */
		0A28F48C2084268A006C3BD9 /* XO Ladder.app */ = {isa = PBXFileReference; explicitFileType = wrapper.application; includeInIndex = 0; path = "XO Ladder.app"; sourceTree = BUILT_PRODUCTS_DIR; };
		0A28F48F2084268A006C3BD9 /* AppDelegate.swift */ = {isa = PBXFileReference; lastKnownFileType = sourcecode.swift; path = AppDelegate.swift; sourceTree = "<group>"; };
		0A28F4912084268A006C3BD9 /* LadderController.swift */ = {isa = PBXFileReference; lastKnownFileType = sourcecode.swift; path = LadderController.swift; sourceTree = "<group>"; };
		0A28F4942084268A006C3BD9 /* Base */ = {isa = PBXFileReference; lastKnownFileType = file.storyboard; name = Base; path = Base.lproj/Main.storyboard; sourceTree = "<group>"; };
		0A28F4992084268C006C3BD9 /* Base */ = {isa = PBXFileReference; lastKnownFileType = file.storyboard; name = Base; path = Base.lproj/LaunchScreen.storyboard; sourceTree = "<group>"; };
		0A28F49B2084268C006C3BD9 /* Info.plist */ = {isa = PBXFileReference; lastKnownFileType = text.plist.xml; path = Info.plist; sourceTree = "<group>"; };
		0A2D6573208EC1AF00F2511A /* GoogleService-Info.plist */ = {isa = PBXFileReference; fileEncoding = 4; lastKnownFileType = text.plist.xml; path = "GoogleService-Info.plist"; sourceTree = "<group>"; };
		0A62CCA1208529DD0007B22C /* Song.swift */ = {isa = PBXFileReference; lastKnownFileType = sourcecode.swift; path = Song.swift; sourceTree = "<group>"; };
		0A71209B2087DBAE00FB09EC /* VoteController+CountingLabel.swift */ = {isa = PBXFileReference; lastKnownFileType = sourcecode.swift; path = "VoteController+CountingLabel.swift"; sourceTree = "<group>"; };
		0A71209D2089A48D00FB09EC /* Assets.xcassets */ = {isa = PBXFileReference; lastKnownFileType = folder.assetcatalog; path = Assets.xcassets; sourceTree = "<group>"; };
		0ADE4E382085712D00576775 /* VoteController.swift */ = {isa = PBXFileReference; lastKnownFileType = sourcecode.swift; path = VoteController.swift; sourceTree = "<group>"; };
		0ADE4E3A20867E1E00576775 /* VoteController+EloManager.swift */ = {isa = PBXFileReference; lastKnownFileType = sourcecode.swift; path = "VoteController+EloManager.swift"; sourceTree = "<group>"; };
		3AB9BD99186ACBF95CEC9FDC /* Pods-XO Ladder.release.xcconfig */ = {isa = PBXFileReference; includeInIndex = 1; lastKnownFileType = text.xcconfig; name = "Pods-XO Ladder.release.xcconfig"; path = "Pods/Target Support Files/Pods-XO Ladder/Pods-XO Ladder.release.xcconfig"; sourceTree = "<group>"; };
		75E110C9DE914F125243FDE6 /* Pods_XO_Ladder.framework */ = {isa = PBXFileReference; explicitFileType = wrapper.framework; includeInIndex = 0; path = Pods_XO_Ladder.framework; sourceTree = BUILT_PRODUCTS_DIR; };
		E2096F18959C736A2DFB72C2 /* Pods-XO Ladder.debug.xcconfig */ = {isa = PBXFileReference; includeInIndex = 1; lastKnownFileType = text.xcconfig; name = "Pods-XO Ladder.debug.xcconfig"; path = "Pods/Target Support Files/Pods-XO Ladder/Pods-XO Ladder.debug.xcconfig"; sourceTree = "<group>"; };
/* End PBXFileReference section */

/* Begin PBXFrameworksBuildPhase section */
		0A28F4892084268A006C3BD9 /* Frameworks */ = {
			isa = PBXFrameworksBuildPhase;
			buildActionMask = 2147483647;
			files = (
				DD73A90EF91F807AEFB49549 /* Pods_XO_Ladder.framework in Frameworks */,
			);
			runOnlyForDeploymentPostprocessing = 0;
		};
/* End PBXFrameworksBuildPhase section */

/* Begin PBXGroup section */
		046095533B34EDF339D4FB45 /* Frameworks */ = {
			isa = PBXGroup;
			children = (
				75E110C9DE914F125243FDE6 /* Pods_XO_Ladder.framework */,
			);
			name = Frameworks;
			sourceTree = "<group>";
		};
		0A28F4832084268A006C3BD9 = {
			isa = PBXGroup;
			children = (
				0A28F48E2084268A006C3BD9 /* XO Ladder */,
				0A28F48D2084268A006C3BD9 /* Products */,
				BE95AA459CD26DA36713AD1E /* Pods */,
				046095533B34EDF339D4FB45 /* Frameworks */,
			);
			sourceTree = "<group>";
		};
		0A28F48D2084268A006C3BD9 /* Products */ = {
			isa = PBXGroup;
			children = (
				0A28F48C2084268A006C3BD9 /* XO Ladder.app */,
			);
			name = Products;
			sourceTree = "<group>";
		};
		0A28F48E2084268A006C3BD9 /* XO Ladder */ = {
			isa = PBXGroup;
			children = (
				0A7120972086A70D00FB09EC /* App Delegate */,
				0A7120952086A6F800FB09EC /* Controllers */,
				0A7120962086A70500FB09EC /* Models */,
				0A7120982086A72600FB09EC /* Storyboards */,
				0A7120992086A73E00FB09EC /* Assets */,
				0A71209A2086A74500FB09EC /* Supporting Files */,
			);
			path = "XO Ladder";
			sourceTree = "<group>";
		};
		0A7120952086A6F800FB09EC /* Controllers */ = {
			isa = PBXGroup;
			children = (
				0A28F4912084268A006C3BD9 /* LadderController.swift */,
				0ADE4E382085712D00576775 /* VoteController.swift */,
				0ADE4E3A20867E1E00576775 /* VoteController+EloManager.swift */,
				0A71209B2087DBAE00FB09EC /* VoteController+CountingLabel.swift */,
			);
			path = Controllers;
			sourceTree = "<group>";
		};
		0A7120962086A70500FB09EC /* Models */ = {
			isa = PBXGroup;
			children = (
				0A62CCA1208529DD0007B22C /* Song.swift */,
			);
			path = Models;
			sourceTree = "<group>";
		};
		0A7120972086A70D00FB09EC /* App Delegate */ = {
			isa = PBXGroup;
			children = (
				0A28F48F2084268A006C3BD9 /* AppDelegate.swift */,
			);
			path = "App Delegate";
			sourceTree = "<group>";
		};
		0A7120982086A72600FB09EC /* Storyboards */ = {
			isa = PBXGroup;
			children = (
				0A28F4932084268A006C3BD9 /* Main.storyboard */,
				0A28F4982084268C006C3BD9 /* LaunchScreen.storyboard */,
			);
			path = Storyboards;
			sourceTree = "<group>";
		};
		0A7120992086A73E00FB09EC /* Assets */ = {
			isa = PBXGroup;
			children = (
				0A71209D2089A48D00FB09EC /* Assets.xcassets */,
			);
			path = Assets;
			sourceTree = "<group>";
		};
		0A71209A2086A74500FB09EC /* Supporting Files */ = {
			isa = PBXGroup;
			children = (
				0A28F49B2084268C006C3BD9 /* Info.plist */,
				0A2D6573208EC1AF00F2511A /* GoogleService-Info.plist */,
			);
			path = "Supporting Files";
			sourceTree = "<group>";
		};
		BE95AA459CD26DA36713AD1E /* Pods */ = {
			isa = PBXGroup;
			children = (
				E2096F18959C736A2DFB72C2 /* Pods-XO Ladder.debug.xcconfig */,
				3AB9BD99186ACBF95CEC9FDC /* Pods-XO Ladder.release.xcconfig */,
			);
			name = Pods;
			sourceTree = "<group>";
		};
/* End PBXGroup section */

/* Begin PBXNativeTarget section */
		0A28F48B2084268A006C3BD9 /* XO Ladder */ = {
			isa = PBXNativeTarget;
			buildConfigurationList = 0A28F49E2084268C006C3BD9 /* Build configuration list for PBXNativeTarget "XO Ladder" */;
			buildPhases = (
				DAC94881F9BCEBB768A95C56 /* [CP] Check Pods Manifest.lock */,
				0A28F4882084268A006C3BD9 /* Sources */,
				0A28F4892084268A006C3BD9 /* Frameworks */,
				0A28F48A2084268A006C3BD9 /* Resources */,
				240C405C4BFCB549D9FA7423 /* [CP] Embed Pods Frameworks */,
				AF536E0E99E3B890D82B7677 /* [CP] Copy Pods Resources */,
			);
			buildRules = (
			);
			dependencies = (
			);
			name = "XO Ladder";
			productName = "XO Ladder";
			productReference = 0A28F48C2084268A006C3BD9 /* XO Ladder.app */;
			productType = "com.apple.product-type.application";
		};
/* End PBXNativeTarget section */

/* Begin PBXProject section */
		0A28F4842084268A006C3BD9 /* Project object */ = {
			isa = PBXProject;
			attributes = {
				LastSwiftUpdateCheck = 0930;
				LastUpgradeCheck = 0930;
				ORGANIZATIONNAME = "Jason Park";
				TargetAttributes = {
					0A28F48B2084268A006C3BD9 = {
						CreatedOnToolsVersion = 9.3;
					};
				};
			};
			buildConfigurationList = 0A28F4872084268A006C3BD9 /* Build configuration list for PBXProject "XO Ladder" */;
			compatibilityVersion = "Xcode 9.3";
			developmentRegion = en;
			hasScannedForEncodings = 0;
			knownRegions = (
				en,
				Base,
			);
			mainGroup = 0A28F4832084268A006C3BD9;
			productRefGroup = 0A28F48D2084268A006C3BD9 /* Products */;
			projectDirPath = "";
			projectRoot = "";
			targets = (
				0A28F48B2084268A006C3BD9 /* XO Ladder */,
			);
		};
/* End PBXProject section */

/* Begin PBXResourcesBuildPhase section */
		0A28F48A2084268A006C3BD9 /* Resources */ = {
			isa = PBXResourcesBuildPhase;
			buildActionMask = 2147483647;
			files = (
				0A28F49A2084268C006C3BD9 /* LaunchScreen.storyboard in Resources */,
				0A28F4952084268A006C3BD9 /* Main.storyboard in Resources */,
				0A2D6574208EC1AF00F2511A /* GoogleService-Info.plist in Resources */,
				0A71209E2089A48D00FB09EC /* Assets.xcassets in Resources */,
			);
			runOnlyForDeploymentPostprocessing = 0;
		};
/* End PBXResourcesBuildPhase section */

/* Begin PBXShellScriptBuildPhase section */
		240C405C4BFCB549D9FA7423 /* [CP] Embed Pods Frameworks */ = {
			isa = PBXShellScriptBuildPhase;
			buildActionMask = 2147483647;
			files = (
			);
			inputPaths = (
				"${SRCROOT}/Pods/Target Support Files/Pods-XO Ladder/Pods-XO Ladder-frameworks.sh",
				"${BUILT_PRODUCTS_DIR}/GTMSessionFetcher/GTMSessionFetcher.framework",
				"${BUILT_PRODUCTS_DIR}/GoogleToolboxForMac/GoogleToolboxForMac.framework",
				"${BUILT_PRODUCTS_DIR}/leveldb-library/leveldb.framework",
				"${BUILT_PRODUCTS_DIR}/nanopb/nanopb.framework",
			);
			name = "[CP] Embed Pods Frameworks";
			outputPaths = (
				"${TARGET_BUILD_DIR}/${FRAMEWORKS_FOLDER_PATH}/GTMSessionFetcher.framework",
				"${TARGET_BUILD_DIR}/${FRAMEWORKS_FOLDER_PATH}/GoogleToolboxForMac.framework",
				"${TARGET_BUILD_DIR}/${FRAMEWORKS_FOLDER_PATH}/leveldb.framework",
				"${TARGET_BUILD_DIR}/${FRAMEWORKS_FOLDER_PATH}/nanopb.framework",
			);
			runOnlyForDeploymentPostprocessing = 0;
			shellPath = /bin/sh;
			shellScript = "\"${SRCROOT}/Pods/Target Support Files/Pods-XO Ladder/Pods-XO Ladder-frameworks.sh\"\n";
			showEnvVarsInLog = 0;
		};
		AF536E0E99E3B890D82B7677 /* [CP] Copy Pods Resources */ = {
			isa = PBXShellScriptBuildPhase;
			buildActionMask = 2147483647;
			files = (
			);
			inputPaths = (
			);
			name = "[CP] Copy Pods Resources";
			outputPaths = (
			);
			runOnlyForDeploymentPostprocessing = 0;
			shellPath = /bin/sh;
			shellScript = "\"${SRCROOT}/Pods/Target Support Files/Pods-XO Ladder/Pods-XO Ladder-resources.sh\"\n";
			showEnvVarsInLog = 0;
		};
		DAC94881F9BCEBB768A95C56 /* [CP] Check Pods Manifest.lock */ = {
			isa = PBXShellScriptBuildPhase;
			buildActionMask = 2147483647;
			files = (
			);
			inputPaths = (
				"${PODS_PODFILE_DIR_PATH}/Podfile.lock",
				"${PODS_ROOT}/Manifest.lock",
			);
			name = "[CP] Check Pods Manifest.lock";
			outputPaths = (
				"$(DERIVED_FILE_DIR)/Pods-XO Ladder-checkManifestLockResult.txt",
			);
			runOnlyForDeploymentPostprocessing = 0;
			shellPath = /bin/sh;
			shellScript = "diff \"${PODS_PODFILE_DIR_PATH}/Podfile.lock\" \"${PODS_ROOT}/Manifest.lock\" > /dev/null\nif [ $? != 0 ] ; then\n    # print error to STDERR\n    echo \"error: The sandbox is not in sync with the Podfile.lock. Run 'pod install' or update your CocoaPods installation.\" >&2\n    exit 1\nfi\n# This output is used by Xcode 'outputs' to avoid re-running this script phase.\necho \"SUCCESS\" > \"${SCRIPT_OUTPUT_FILE_0}\"\n";
			showEnvVarsInLog = 0;
		};
/* End PBXShellScriptBuildPhase section */

/* Begin PBXSourcesBuildPhase section */
		0A28F4882084268A006C3BD9 /* Sources */ = {
			isa = PBXSourcesBuildPhase;
			buildActionMask = 2147483647;
			files = (
				0A62CCA2208529DD0007B22C /* Song.swift in Sources */,
				0ADE4E392085712D00576775 /* VoteController.swift in Sources */,
				0A28F4922084268A006C3BD9 /* LadderController.swift in Sources */,
				0A71209C2087DBAE00FB09EC /* VoteController+CountingLabel.swift in Sources */,
				0ADE4E3B20867E1E00576775 /* VoteController+EloManager.swift in Sources */,
				0A28F4902084268A006C3BD9 /* AppDelegate.swift in Sources */,
			);
			runOnlyForDeploymentPostprocessing = 0;
		};
/* End PBXSourcesBuildPhase section */

/* Begin PBXVariantGroup section */
		0A28F4932084268A006C3BD9 /* Main.storyboard */ = {
			isa = PBXVariantGroup;
			children = (
				0A28F4942084268A006C3BD9 /* Base */,
			);
			name = Main.storyboard;
			sourceTree = "<group>";
		};
		0A28F4982084268C006C3BD9 /* LaunchScreen.storyboard */ = {
			isa = PBXVariantGroup;
			children = (
				0A28F4992084268C006C3BD9 /* Base */,
			);
			name = LaunchScreen.storyboard;
			sourceTree = "<group>";
		};
/* End PBXVariantGroup section */

/* Begin XCBuildConfiguration section */
		0A28F49C2084268C006C3BD9 /* Debug */ = {
			isa = XCBuildConfiguration;
			buildSettings = {
				ALWAYS_SEARCH_USER_PATHS = NO;
				CLANG_ANALYZER_NONNULL = YES;
				CLANG_ANALYZER_NUMBER_OBJECT_CONVERSION = YES_AGGRESSIVE;
				CLANG_CXX_LANGUAGE_STANDARD = "gnu++14";
				CLANG_CXX_LIBRARY = "libc++";
				CLANG_ENABLE_MODULES = YES;
				CLANG_ENABLE_OBJC_ARC = YES;
				CLANG_ENABLE_OBJC_WEAK = YES;
				CLANG_WARN_BLOCK_CAPTURE_AUTORELEASING = YES;
				CLANG_WARN_BOOL_CONVERSION = YES;
				CLANG_WARN_COMMA = YES;
				CLANG_WARN_CONSTANT_CONVERSION = YES;
				CLANG_WARN_DEPRECATED_OBJC_IMPLEMENTATIONS = YES;
				CLANG_WARN_DIRECT_OBJC_ISA_USAGE = YES_ERROR;
				CLANG_WARN_DOCUMENTATION_COMMENTS = YES;
				CLANG_WARN_EMPTY_BODY = YES;
				CLANG_WARN_ENUM_CONVERSION = YES;
				CLANG_WARN_INFINITE_RECURSION = YES;
				CLANG_WARN_INT_CONVERSION = YES;
				CLANG_WARN_NON_LITERAL_NULL_CONVERSION = YES;
				CLANG_WARN_OBJC_IMPLICIT_RETAIN_SELF = YES;
				CLANG_WARN_OBJC_LITERAL_CONVERSION = YES;
				CLANG_WARN_OBJC_ROOT_CLASS = YES_ERROR;
				CLANG_WARN_RANGE_LOOP_ANALYSIS = YES;
				CLANG_WARN_STRICT_PROTOTYPES = YES;
				CLANG_WARN_SUSPICIOUS_MOVE = YES;
				CLANG_WARN_UNGUARDED_AVAILABILITY = YES_AGGRESSIVE;
				CLANG_WARN_UNREACHABLE_CODE = YES;
				CLANG_WARN__DUPLICATE_METHOD_MATCH = YES;
				CODE_SIGN_IDENTITY = "iPhone Developer";
				COPY_PHASE_STRIP = NO;
				DEBUG_INFORMATION_FORMAT = dwarf;
				ENABLE_STRICT_OBJC_MSGSEND = YES;
				ENABLE_TESTABILITY = YES;
				GCC_C_LANGUAGE_STANDARD = gnu11;
				GCC_DYNAMIC_NO_PIC = NO;
				GCC_NO_COMMON_BLOCKS = YES;
				GCC_OPTIMIZATION_LEVEL = 0;
				GCC_PREPROCESSOR_DEFINITIONS = (
					"DEBUG=1",
					"$(inherited)",
				);
				GCC_WARN_64_TO_32_BIT_CONVERSION = YES;
				GCC_WARN_ABOUT_RETURN_TYPE = YES_ERROR;
				GCC_WARN_UNDECLARED_SELECTOR = YES;
				GCC_WARN_UNINITIALIZED_AUTOS = YES_AGGRESSIVE;
				GCC_WARN_UNUSED_FUNCTION = YES;
				GCC_WARN_UNUSED_VARIABLE = YES;
				IPHONEOS_DEPLOYMENT_TARGET = 11.3;
				MTL_ENABLE_DEBUG_INFO = YES;
				ONLY_ACTIVE_ARCH = YES;
				SDKROOT = iphoneos;
				SWIFT_ACTIVE_COMPILATION_CONDITIONS = DEBUG;
				SWIFT_OPTIMIZATION_LEVEL = "-Onone";
			};
			name = Debug;
		};
		0A28F49D2084268C006C3BD9 /* Release */ = {
			isa = XCBuildConfiguration;
			buildSettings = {
				ALWAYS_SEARCH_USER_PATHS = NO;
				CLANG_ANALYZER_NONNULL = YES;
				CLANG_ANALYZER_NUMBER_OBJECT_CONVERSION = YES_AGGRESSIVE;
				CLANG_CXX_LANGUAGE_STANDARD = "gnu++14";
				CLANG_CXX_LIBRARY = "libc++";
				CLANG_ENABLE_MODULES = YES;
				CLANG_ENABLE_OBJC_ARC = YES;
				CLANG_ENABLE_OBJC_WEAK = YES;
				CLANG_WARN_BLOCK_CAPTURE_AUTORELEASING = YES;
				CLANG_WARN_BOOL_CONVERSION = YES;
				CLANG_WARN_COMMA = YES;
				CLANG_WARN_CONSTANT_CONVERSION = YES;
				CLANG_WARN_DEPRECATED_OBJC_IMPLEMENTATIONS = YES;
				CLANG_WARN_DIRECT_OBJC_ISA_USAGE = YES_ERROR;
				CLANG_WARN_DOCUMENTATION_COMMENTS = YES;
				CLANG_WARN_EMPTY_BODY = YES;
				CLANG_WARN_ENUM_CONVERSION = YES;
				CLANG_WARN_INFINITE_RECURSION = YES;
				CLANG_WARN_INT_CONVERSION = YES;
				CLANG_WARN_NON_LITERAL_NULL_CONVERSION = YES;
				CLANG_WARN_OBJC_IMPLICIT_RETAIN_SELF = YES;
				CLANG_WARN_OBJC_LITERAL_CONVERSION = YES;
				CLANG_WARN_OBJC_ROOT_CLASS = YES_ERROR;
				CLANG_WARN_RANGE_LOOP_ANALYSIS = YES;
				CLANG_WARN_STRICT_PROTOTYPES = YES;
				CLANG_WARN_SUSPICIOUS_MOVE = YES;
				CLANG_WARN_UNGUARDED_AVAILABILITY = YES_AGGRESSIVE;
				CLANG_WARN_UNREACHABLE_CODE = YES;
				CLANG_WARN__DUPLICATE_METHOD_MATCH = YES;
				CODE_SIGN_IDENTITY = "iPhone Developer";
				COPY_PHASE_STRIP = NO;
				DEBUG_INFORMATION_FORMAT = "dwarf-with-dsym";
				ENABLE_NS_ASSERTIONS = NO;
				ENABLE_STRICT_OBJC_MSGSEND = YES;
				GCC_C_LANGUAGE_STANDARD = gnu11;
				GCC_NO_COMMON_BLOCKS = YES;
				GCC_WARN_64_TO_32_BIT_CONVERSION = YES;
				GCC_WARN_ABOUT_RETURN_TYPE = YES_ERROR;
				GCC_WARN_UNDECLARED_SELECTOR = YES;
				GCC_WARN_UNINITIALIZED_AUTOS = YES_AGGRESSIVE;
				GCC_WARN_UNUSED_FUNCTION = YES;
				GCC_WARN_UNUSED_VARIABLE = YES;
				IPHONEOS_DEPLOYMENT_TARGET = 11.3;
				MTL_ENABLE_DEBUG_INFO = NO;
				SDKROOT = iphoneos;
				SWIFT_COMPILATION_MODE = wholemodule;
				SWIFT_OPTIMIZATION_LEVEL = "-O";
				VALIDATE_PRODUCT = YES;
			};
			name = Release;
		};
		0A28F49F2084268C006C3BD9 /* Debug */ = {
			isa = XCBuildConfiguration;
			baseConfigurationReference = E2096F18959C736A2DFB72C2 /* Pods-XO Ladder.debug.xcconfig */;
			buildSettings = {
				ASSETCATALOG_COMPILER_APPICON_NAME = AppIcon;
				CODE_SIGN_IDENTITY = "iPhone Developer";
				CODE_SIGN_STYLE = Automatic;
				DEVELOPMENT_TEAM = W25K3G98YY;
				INFOPLIST_FILE = "$(SRCROOT)/XO Ladder/Supporting Files/Info.plist";
				IPHONEOS_DEPLOYMENT_TARGET = 11.3;
				LD_RUNPATH_SEARCH_PATHS = (
					"$(inherited)",
					"@executable_path/Frameworks",
				);
				PRODUCT_BUNDLE_IDENTIFIER = com.jasonpark.XOLadder;
				PRODUCT_NAME = "$(TARGET_NAME)";
				PROVISIONING_PROFILE = "";
				PROVISIONING_PROFILE_SPECIFIER = "";
				SWIFT_VERSION = 4.0;
				TARGETED_DEVICE_FAMILY = 1;
			};
			name = Debug;
		};
		0A28F4A02084268C006C3BD9 /* Release */ = {
			isa = XCBuildConfiguration;
			baseConfigurationReference = 3AB9BD99186ACBF95CEC9FDC /* Pods-XO Ladder.release.xcconfig */;
			buildSettings = {
				ASSETCATALOG_COMPILER_APPICON_NAME = AppIcon;
				CODE_SIGN_IDENTITY = "iPhone Developer";
				CODE_SIGN_STYLE = Automatic;
				DEVELOPMENT_TEAM = W25K3G98YY;
				INFOPLIST_FILE = "$(SRCROOT)/XO Ladder/Supporting Files/Info.plist";
				IPHONEOS_DEPLOYMENT_TARGET = 11.3;
				LD_RUNPATH_SEARCH_PATHS = (
					"$(inherited)",
					"@executable_path/Frameworks",
				);
				PRODUCT_BUNDLE_IDENTIFIER = com.jasonpark.XOLadder;
				PRODUCT_NAME = "$(TARGET_NAME)";
				PROVISIONING_PROFILE = "";
				PROVISIONING_PROFILE_SPECIFIER = "";
				SWIFT_VERSION = 4.0;
				TARGETED_DEVICE_FAMILY = 1;
			};
			name = Release;
		};
/* End XCBuildConfiguration section */

/* Begin XCConfigurationList section */
		0A28F4872084268A006C3BD9 /* Build configuration list for PBXProject "XO Ladder" */ = {
			isa = XCConfigurationList;
			buildConfigurations = (
				0A28F49C2084268C006C3BD9 /* Debug */,
				0A28F49D2084268C006C3BD9 /* Release */,
			);
			defaultConfigurationIsVisible = 0;
			defaultConfigurationName = Release;
		};
		0A28F49E2084268C006C3BD9 /* Build configuration list for PBXNativeTarget "XO Ladder" */ = {
			isa = XCConfigurationList;
			buildConfigurations = (
				0A28F49F2084268C006C3BD9 /* Debug */,
				0A28F4A02084268C006C3BD9 /* Release */,
			);
			defaultConfigurationIsVisible = 0;
			defaultConfigurationName = Release;
		};
/* End XCConfigurationList section */
	};
	rootObject = 0A28F4842084268A006C3BD9 /* Project object */;
}
